
Microsoft Visual Studio Solution File, Format Version 12.00
# Visual Studio 15
VisualStudioVersion = 15.0.28010.2003
MinimumVisualStudioVersion = 10.0.40219.1
Project("{FAE04EC0-301F-11D3-BF4B-00C04F79EFBC}") = "BlazorDash.Server", "BlazorDash.Server\BlazorDash.Server.csproj", "{3E70C694-D634-4723-AE8E-B84568B7E805}"
EndProject
Project("{FAE04EC0-301F-11D3-BF4B-00C04F79EFBC}") = "BlazorDash.Client", "BlazorDash.Client\BlazorDash.Client.csproj", "{25973A01-3B8B-4BC6-A248-E95D25A91B0C}"
EndProject
Project("{FAE04EC0-301F-11D3-BF4B-00C04F79EFBC}") = "BlazorDash.Shared", "BlazorDash.Shared\BlazorDash.Shared.csproj", "{A3C0AD52-F6F7-45C9-81E8-BF73BFE7964F}"
EndProject
Global
	GlobalSection(SolutionConfigurationPlatforms) = preSolution
		Debug|Any CPU = Debug|Any CPU
		Release|Any CPU = Release|Any CPU
	EndGlobalSection
	GlobalSection(ProjectConfigurationPlatforms) = postSolution
		{3E70C694-D634-4723-AE8E-B84568B7E805}.Debug|Any CPU.ActiveCfg = Debug|Any CPU
		{3E70C694-D634-4723-AE8E-B84568B7E805}.Debug|Any CPU.Build.0 = Debug|Any CPU
		{3E70C694-D634-4723-AE8E-B84568B7E805}.Release|Any CPU.ActiveCfg = Release|Any CPU
		{3E70C694-D634-4723-AE8E-B84568B7E805}.Release|Any CPU.Build.0 = Release|Any CPU
		{25973A01-3B8B-4BC6-A248-E95D25A91B0C}.Debug|Any CPU.ActiveCfg = Debug|Any CPU
		{25973A01-3B8B-4BC6-A248-E95D25A91B0C}.Debug|Any CPU.Build.0 = Debug|Any CPU
		{25973A01-3B8B-4BC6-A248-E95D25A91B0C}.Release|Any CPU.ActiveCfg = Release|Any CPU
		{25973A01-3B8B-4BC6-A248-E95D25A91B0C}.Release|Any CPU.Build.0 = Release|Any CPU
		{A3C0AD52-F6F7-45C9-81E8-BF73BFE7964F}.Debug|Any CPU.ActiveCfg = Debug|Any CPU
		{A3C0AD52-F6F7-45C9-81E8-BF73BFE7964F}.Debug|Any CPU.Build.0 = Debug|Any CPU
		{A3C0AD52-F6F7-45C9-81E8-BF73BFE7964F}.Release|Any CPU.ActiveCfg = Release|Any CPU
		{A3C0AD52-F6F7-45C9-81E8-BF73BFE7964F}.Release|Any CPU.Build.0 = Release|Any CPU
	EndGlobalSection
	GlobalSection(SolutionProperties) = preSolution
		HideSolutionNode = FALSE
	EndGlobalSection
	GlobalSection(ExtensibilityGlobals) = postSolution
		SolutionGuid = {E9F31250-E968-435C-8CC0-0790BA5D8001}
	EndGlobalSection
EndGlobal
